// !$*UTF8*$!
{
	archiveVersion = 1;
	classes = {
	};
	objectVersion = 77;
	objects = {

/* Begin PBXBuildFile section */
		617E48F42D911643003F09F7 /* Alamofire in Frameworks */ = {isa = PBXBuildFile; productRef = 617E48F32D911643003F09F7 /* Alamofire */; };
		617E49102D914B45003F09F7 /* Factory in Frameworks */ = {isa = PBXBuildFile; productRef = 617E490F2D914B45003F09F7 /* Factory */; };
/* End PBXBuildFile section */

/* Begin PBXContainerItemProxy section */
		617E48AC2D9102AB003F09F7 /* PBXContainerItemProxy */ = {
			isa = PBXContainerItemProxy;
			containerPortal = 617E48932D9102AA003F09F7 /* Project object */;
			proxyType = 1;
			remoteGlobalIDString = 617E489A2D9102AA003F09F7;
			remoteInfo = base_clean_architecture;
		};
		617E48B62D9102AB003F09F7 /* PBXContainerItemProxy */ = {
			isa = PBXContainerItemProxy;
			containerPortal = 617E48932D9102AA003F09F7 /* Project object */;
			proxyType = 1;
			remoteGlobalIDString = 617E489A2D9102AA003F09F7;
			remoteInfo = base_clean_architecture;
		};
/* End PBXContainerItemProxy section */

/* Begin PBXFileReference section */
		617E489B2D9102AA003F09F7 /* base_clean_architecture.app */ = {isa = PBXFileReference; explicitFileType = wrapper.application; includeInIndex = 0; path = base_clean_architecture.app; sourceTree = BUILT_PRODUCTS_DIR; };
		617E48AB2D9102AB003F09F7 /* base_clean_architectureTests.xctest */ = {isa = PBXFileReference; explicitFileType = wrapper.cfbundle; includeInIndex = 0; path = base_clean_architectureTests.xctest; sourceTree = BUILT_PRODUCTS_DIR; };
		617E48B52D9102AB003F09F7 /* base_clean_architectureUITests.xctest */ = {isa = PBXFileReference; explicitFileType = wrapper.cfbundle; includeInIndex = 0; path = base_clean_architectureUITests.xctest; sourceTree = BUILT_PRODUCTS_DIR; };
/* End PBXFileReference section */

/* Begin PBXFileSystemSynchronizedRootGroup section */
		617E489D2D9102AA003F09F7 /* base_clean_architecture */ = {
			isa = PBXFileSystemSynchronizedRootGroup;
			path = base_clean_architecture;
			sourceTree = "<group>";
		};
		617E48AE2D9102AB003F09F7 /* base_clean_architectureTests */ = {
			isa = PBXFileSystemSynchronizedRootGroup;
			path = base_clean_architectureTests;
			sourceTree = "<group>";
		};
		617E48B82D9102AB003F09F7 /* base_clean_architectureUITests */ = {
			isa = PBXFileSystemSynchronizedRootGroup;
			path = base_clean_architectureUITests;
			sourceTree = "<group>";
		};
/* End PBXFileSystemSynchronizedRootGroup section */

/* Begin PBXFrameworksBuildPhase section */
		617E48982D9102AA003F09F7 /* Frameworks */ = {
			isa = PBXFrameworksBuildPhase;
			buildActionMask = 2147483647;
			files = (
				617E48F42D911643003F09F7 /* Alamofire in Frameworks */,
				617E49102D914B45003F09F7 /* Factory in Frameworks */,
			);
			runOnlyForDeploymentPostprocessing = 0;
		};
		617E48A82D9102AB003F09F7 /* Frameworks */ = {
			isa = PBXFrameworksBuildPhase;
			buildActionMask = 2147483647;
			files = (
			);
			runOnlyForDeploymentPostprocessing = 0;
		};
		617E48B22D9102AB003F09F7 /* Frameworks */ = {
			isa = PBXFrameworksBuildPhase;
			buildActionMask = 2147483647;
			files = (
			);
			runOnlyForDeploymentPostprocessing = 0;
		};
/* End PBXFrameworksBuildPhase section */

/* Begin PBXGroup section */
		617E48922D9102AA003F09F7 = {
			isa = PBXGroup;
			children = (
				617E489D2D9102AA003F09F7 /* base_clean_architecture */,
				617E48AE2D9102AB003F09F7 /* base_clean_architectureTests */,
				617E48B82D9102AB003F09F7 /* base_clean_architectureUITests */,
				617E48F22D911642003F09F7 /* Frameworks */,
				617E489C2D9102AA003F09F7 /* Products */,
			);
			sourceTree = "<group>";
		};
		617E489C2D9102AA003F09F7 /* Products */ = {
			isa = PBXGroup;
			children = (
				617E489B2D9102AA003F09F7 /* base_clean_architecture.app */,
				617E48AB2D9102AB003F09F7 /* base_clean_architectureTests.xctest */,
				617E48B52D9102AB003F09F7 /* base_clean_architectureUITests.xctest */,
			);
			name = Products;
			sourceTree = "<group>";
		};
		617E48F22D911642003F09F7 /* Frameworks */ = {
			isa = PBXGroup;
			children = (
			);
			name = Frameworks;
			sourceTree = "<group>";
		};
/* End PBXGroup section */

/* Begin PBXNativeTarget section */
		617E489A2D9102AA003F09F7 /* base_clean_architecture */ = {
			isa = PBXNativeTarget;
			buildConfigurationList = 617E48BF2D9102AB003F09F7 /* Build configuration list for PBXNativeTarget "base_clean_architecture" */;
			buildPhases = (
				617E48972D9102AA003F09F7 /* Sources */,
				617E48982D9102AA003F09F7 /* Frameworks */,
				617E48992D9102AA003F09F7 /* Resources */,
			);
			buildRules = (
			);
			dependencies = (
			);
			fileSystemSynchronizedGroups = (
				617E489D2D9102AA003F09F7 /* base_clean_architecture */,
			);
			name = base_clean_architecture;
			packageProductDependencies = (
				617E48F32D911643003F09F7 /* Alamofire */,
				617E490F2D914B45003F09F7 /* Factory */,
			);
			productName = base_clean_architecture;
			productReference = 617E489B2D9102AA003F09F7 /* base_clean_architecture.app */;
			productType = "com.apple.product-type.application";
		};
		617E48AA2D9102AB003F09F7 /* base_clean_architectureTests */ = {
			isa = PBXNativeTarget;
			buildConfigurationList = 617E48C22D9102AB003F09F7 /* Build configuration list for PBXNativeTarget "base_clean_architectureTests" */;
			buildPhases = (
				617E48A72D9102AB003F09F7 /* Sources */,
				617E48A82D9102AB003F09F7 /* Frameworks */,
				617E48A92D9102AB003F09F7 /* Resources */,
			);
			buildRules = (
			);
			dependencies = (
				617E48AD2D9102AB003F09F7 /* PBXTargetDependency */,
			);
			fileSystemSynchronizedGroups = (
				617E48AE2D9102AB003F09F7 /* base_clean_architectureTests */,
			);
			name = base_clean_architectureTests;
			packageProductDependencies = (
			);
			productName = base_clean_architectureTests;
			productReference = 617E48AB2D9102AB003F09F7 /* base_clean_architectureTests.xctest */;
			productType = "com.apple.product-type.bundle.unit-test";
		};
		617E48B42D9102AB003F09F7 /* base_clean_architectureUITests */ = {
			isa = PBXNativeTarget;
			buildConfigurationList = 617E48C52D9102AB003F09F7 /* Build configuration list for PBXNativeTarget "base_clean_architectureUITests" */;
			buildPhases = (
				617E48B12D9102AB003F09F7 /* Sources */,
				617E48B22D9102AB003F09F7 /* Frameworks */,
				617E48B32D9102AB003F09F7 /* Resources */,
			);
			buildRules = (
			);
			dependencies = (
				617E48B72D9102AB003F09F7 /* PBXTargetDependency */,
			);
			fileSystemSynchronizedGroups = (
				617E48B82D9102AB003F09F7 /* base_clean_architectureUITests */,
			);
			name = base_clean_architectureUITests;
			packageProductDependencies = (
			);
			productName = base_clean_architectureUITests;
			productReference = 617E48B52D9102AB003F09F7 /* base_clean_architectureUITests.xctest */;
			productType = "com.apple.product-type.bundle.ui-testing";
		};
/* End PBXNativeTarget section */

/* Begin PBXProject section */
		617E48932D9102AA003F09F7 /* Project object */ = {
			isa = PBXProject;
			attributes = {
				BuildIndependentTargetsInParallel = 1;
				LastSwiftUpdateCheck = 1620;
				LastUpgradeCheck = 1620;
				TargetAttributes = {
					617E489A2D9102AA003F09F7 = {
						CreatedOnToolsVersion = 16.2;
					};
					617E48AA2D9102AB003F09F7 = {
						CreatedOnToolsVersion = 16.2;
						TestTargetID = 617E489A2D9102AA003F09F7;
					};
					617E48B42D9102AB003F09F7 = {
						CreatedOnToolsVersion = 16.2;
						TestTargetID = 617E489A2D9102AA003F09F7;
					};
				};
			};
			buildConfigurationList = 617E48962D9102AA003F09F7 /* Build configuration list for PBXProject "base_clean_architecture" */;
			developmentRegion = en;
			hasScannedForEncodings = 0;
			knownRegions = (
				en,
				Base,
			);
			mainGroup = 617E48922D9102AA003F09F7;
			minimizedProjectReferenceProxies = 1;
			packageReferences = (
				617E48CB2D910E4B003F09F7 /* XCRemoteSwiftPackageReference "Alamofire" */,
				617E490E2D914B34003F09F7 /* XCRemoteSwiftPackageReference "Factory" */,
			);
			preferredProjectObjectVersion = 77;
			productRefGroup = 617E489C2D9102AA003F09F7 /* Products */;
			projectDirPath = "";
			projectRoot = "";
			targets = (
				617E489A2D9102AA003F09F7 /* base_clean_architecture */,
				617E48AA2D9102AB003F09F7 /* base_clean_architectureTests */,
				617E48B42D9102AB003F09F7 /* base_clean_architectureUITests */,
			);
		};
/* End PBXProject section */

/* Begin PBXResourcesBuildPhase section */
		617E48992D9102AA003F09F7 /* Resources */ = {
			isa = PBXResourcesBuildPhase;
			buildActionMask = 2147483647;
			files = (
			);
			runOnlyForDeploymentPostprocessing = 0;
		};
		617E48A92D9102AB003F09F7 /* Resources */ = {
			isa = PBXResourcesBuildPhase;
			buildActionMask = 2147483647;
			files = (
			);
			runOnlyForDeploymentPostprocessing = 0;
		};
		617E48B32D9102AB003F09F7 /* Resources */ = {
			isa = PBXResourcesBuildPhase;
			buildActionMask = 2147483647;
			files = (
			);
			runOnlyForDeploymentPostprocessing = 0;
		};
/* End PBXResourcesBuildPhase section */

/* Begin PBXSourcesBuildPhase section */
		617E48972D9102AA003F09F7 /* Sources */ = {
			isa = PBXSourcesBuildPhase;
			buildActionMask = 2147483647;
			files = (
			);
			runOnlyForDeploymentPostprocessing = 0;
		};
		617E48A72D9102AB003F09F7 /* Sources */ = {
			isa = PBXSourcesBuildPhase;
			buildActionMask = 2147483647;
			files = (
			);
			runOnlyForDeploymentPostprocessing = 0;
		};
		617E48B12D9102AB003F09F7 /* Sources */ = {
			isa = PBXSourcesBuildPhase;
			buildActionMask = 2147483647;
			files = (
			);
			runOnlyForDeploymentPostprocessing = 0;
		};
/* End PBXSourcesBuildPhase section */

/* Begin PBXTargetDependency section */
		617E48AD2D9102AB003F09F7 /* PBXTargetDependency */ = {
			isa = PBXTargetDependency;
			target = 617E489A2D9102AA003F09F7 /* base_clean_architecture */;
			targetProxy = 617E48AC2D9102AB003F09F7 /* PBXContainerItemProxy */;
		};
		617E48B72D9102AB003F09F7 /* PBXTargetDependency */ = {
			isa = PBXTargetDependency;
			target = 617E489A2D9102AA003F09F7 /* base_clean_architecture */;
			targetProxy = 617E48B62D9102AB003F09F7 /* PBXContainerItemProxy */;
		};
/* End PBXTargetDependency section */

/* Begin XCBuildConfiguration section */
		617E48BD2D9102AB003F09F7 /* Debug */ = {
			isa = XCBuildConfiguration;
			buildSettings = {
				ALWAYS_SEARCH_USER_PATHS = NO;
				ASSETCATALOG_COMPILER_GENERATE_SWIFT_ASSET_SYMBOL_EXTENSIONS = YES;
				CLANG_ANALYZER_NONNULL = YES;
				CLANG_ANALYZER_NUMBER_OBJECT_CONVERSION = YES_AGGRESSIVE;
				CLANG_CXX_LANGUAGE_STANDARD = "gnu++20";
				CLANG_ENABLE_MODULES = YES;
				CLANG_ENABLE_OBJC_ARC = YES;
				CLANG_ENABLE_OBJC_WEAK = YES;
				CLANG_WARN_BLOCK_CAPTURE_AUTORELEASING = YES;
				CLANG_WARN_BOOL_CONVERSION = YES;
				CLANG_WARN_COMMA = YES;
				CLANG_WARN_CONSTANT_CONVERSION = YES;
				CLANG_WARN_DEPRECATED_OBJC_IMPLEMENTATIONS = YES;
				CLANG_WARN_DIRECT_OBJC_ISA_USAGE = YES_ERROR;
				CLANG_WARN_DOCUMENTATION_COMMENTS = YES;
				CLANG_WARN_EMPTY_BODY = YES;
				CLANG_WARN_ENUM_CONVERSION = YES;
				CLANG_WARN_INFINITE_RECURSION = YES;
				CLANG_WARN_INT_CONVERSION = YES;
				CLANG_WARN_NON_LITERAL_NULL_CONVERSION = YES;
				CLANG_WARN_OBJC_IMPLICIT_RETAIN_SELF = YES;
				CLANG_WARN_OBJC_LITERAL_CONVERSION = YES;
				CLANG_WARN_OBJC_ROOT_CLASS = YES_ERROR;
				CLANG_WARN_QUOTED_INCLUDE_IN_FRAMEWORK_HEADER = YES;
				CLANG_WARN_RANGE_LOOP_ANALYSIS = YES;
				CLANG_WARN_STRICT_PROTOTYPES = YES;
				CLANG_WARN_SUSPICIOUS_MOVE = YES;
				CLANG_WARN_UNGUARDED_AVAILABILITY = YES_AGGRESSIVE;
				CLANG_WARN_UNREACHABLE_CODE = YES;
				CLANG_WARN__DUPLICATE_METHOD_MATCH = YES;
				COPY_PHASE_STRIP = NO;
				DEBUG_INFORMATION_FORMAT = dwarf;
				ENABLE_STRICT_OBJC_MSGSEND = YES;
				ENABLE_TESTABILITY = YES;
				ENABLE_USER_SCRIPT_SANDBOXING = YES;
				GCC_C_LANGUAGE_STANDARD = gnu17;
				GCC_DYNAMIC_NO_PIC = NO;
				GCC_NO_COMMON_BLOCKS = YES;
				GCC_OPTIMIZATION_LEVEL = 0;
				GCC_PREPROCESSOR_DEFINITIONS = (
					"DEBUG=1",
					"$(inherited)",
				);
				GCC_WARN_64_TO_32_BIT_CONVERSION = YES;
				GCC_WARN_ABOUT_RETURN_TYPE = YES_ERROR;
				GCC_WARN_UNDECLARED_SELECTOR = YES;
				GCC_WARN_UNINITIALIZED_AUTOS = YES_AGGRESSIVE;
				GCC_WARN_UNUSED_FUNCTION = YES;
				GCC_WARN_UNUSED_VARIABLE = YES;
				IPHONEOS_DEPLOYMENT_TARGET = 18.2;
				LOCALIZATION_PREFERS_STRING_CATALOGS = YES;
				MTL_ENABLE_DEBUG_INFO = INCLUDE_SOURCE;
				MTL_FAST_MATH = YES;
				ONLY_ACTIVE_ARCH = YES;
				SDKROOT = iphoneos;
				SWIFT_ACTIVE_COMPILATION_CONDITIONS = "DEBUG $(inherited)";
				SWIFT_OPTIMIZATION_LEVEL = "-Onone";
			};
			name = Debug;
		};
		617E48BE2D9102AB003F09F7 /* Release */ = {
			isa = XCBuildConfiguration;
			buildSettings = {
				ALWAYS_SEARCH_USER_PATHS = NO;
				ASSETCATALOG_COMPILER_GENERATE_SWIFT_ASSET_SYMBOL_EXTENSIONS = YES;
				CLANG_ANALYZER_NONNULL = YES;
				CLANG_ANALYZER_NUMBER_OBJECT_CONVERSION = YES_AGGRESSIVE;
				CLANG_CXX_LANGUAGE_STANDARD = "gnu++20";
				CLANG_ENABLE_MODULES = YES;
				CLANG_ENABLE_OBJC_ARC = YES;
				CLANG_ENABLE_OBJC_WEAK = YES;
				CLANG_WARN_BLOCK_CAPTURE_AUTORELEASING = YES;
				CLANG_WARN_BOOL_CONVERSION = YES;
				CLANG_WARN_COMMA = YES;
				CLANG_WARN_CONSTANT_CONVERSION = YES;
				CLANG_WARN_DEPRECATED_OBJC_IMPLEMENTATIONS = YES;
				CLANG_WARN_DIRECT_OBJC_ISA_USAGE = YES_ERROR;
				CLANG_WARN_DOCUMENTATION_COMMENTS = YES;
				CLANG_WARN_EMPTY_BODY = YES;
				CLANG_WARN_ENUM_CONVERSION = YES;
				CLANG_WARN_INFINITE_RECURSION = YES;
				CLANG_WARN_INT_CONVERSION = YES;
				CLANG_WARN_NON_LITERAL_NULL_CONVERSION = YES;
				CLANG_WARN_OBJC_IMPLICIT_RETAIN_SELF = YES;
				CLANG_WARN_OBJC_LITERAL_CONVERSION = YES;
				CLANG_WARN_OBJC_ROOT_CLASS = YES_ERROR;
				CLANG_WARN_QUOTED_INCLUDE_IN_FRAMEWORK_HEADER = YES;
				CLANG_WARN_RANGE_LOOP_ANALYSIS = YES;
				CLANG_WARN_STRICT_PROTOTYPES = YES;
				CLANG_WARN_SUSPICIOUS_MOVE = YES;
				CLANG_WARN_UNGUARDED_AVAILABILITY = YES_AGGRESSIVE;
				CLANG_WARN_UNREACHABLE_CODE = YES;
				CLANG_WARN__DUPLICATE_METHOD_MATCH = YES;
				COPY_PHASE_STRIP = NO;
				DEBUG_INFORMATION_FORMAT = "dwarf-with-dsym";
				ENABLE_NS_ASSERTIONS = NO;
				ENABLE_STRICT_OBJC_MSGSEND = YES;
				ENABLE_USER_SCRIPT_SANDBOXING = YES;
				GCC_C_LANGUAGE_STANDARD = gnu17;
				GCC_NO_COMMON_BLOCKS = YES;
				GCC_WARN_64_TO_32_BIT_CONVERSION = YES;
				GCC_WARN_ABOUT_RETURN_TYPE = YES_ERROR;
				GCC_WARN_UNDECLARED_SELECTOR = YES;
				GCC_WARN_UNINITIALIZED_AUTOS = YES_AGGRESSIVE;
				GCC_WARN_UNUSED_FUNCTION = YES;
				GCC_WARN_UNUSED_VARIABLE = YES;
				IPHONEOS_DEPLOYMENT_TARGET = 18.2;
				LOCALIZATION_PREFERS_STRING_CATALOGS = YES;
				MTL_ENABLE_DEBUG_INFO = NO;
				MTL_FAST_MATH = YES;
				SDKROOT = iphoneos;
				SWIFT_COMPILATION_MODE = wholemodule;
				VALIDATE_PRODUCT = YES;
			};
			name = Release;
		};
		617E48C02D9102AB003F09F7 /* Debug */ = {
			isa = XCBuildConfiguration;
			buildSettings = {
				ASSETCATALOG_COMPILER_APPICON_NAME = AppIcon;
				ASSETCATALOG_COMPILER_GLOBAL_ACCENT_COLOR_NAME = AccentColor;
				CODE_SIGN_STYLE = Automatic;
				CURRENT_PROJECT_VERSION = 1;
				DEVELOPMENT_ASSET_PATHS = "\"base_clean_architecture/Source/Presentation/Preview Content\"";
				ENABLE_PREVIEWS = YES;
				GENERATE_INFOPLIST_FILE = YES;
				INFOPLIST_KEY_UIApplicationSceneManifest_Generation = YES;
				INFOPLIST_KEY_UIApplicationSupportsIndirectInputEvents = YES;
				INFOPLIST_KEY_UILaunchScreen_Generation = YES;
				INFOPLIST_KEY_UISupportedInterfaceOrientations_iPad = "UIInterfaceOrientationPortrait UIInterfaceOrientationPortraitUpsideDown UIInterfaceOrientationLandscapeLeft UIInterfaceOrientationLandscapeRight";
				INFOPLIST_KEY_UISupportedInterfaceOrientations_iPhone = "UIInterfaceOrientationPortrait UIInterfaceOrientationLandscapeLeft UIInterfaceOrientationLandscapeRight";
				IPHONEOS_DEPLOYMENT_TARGET = 16.6;
				LD_RUNPATH_SEARCH_PATHS = (
					"$(inherited)",
					"@executable_path/Frameworks",
				);
				MARKETING_VERSION = 1.0;
				PRODUCT_BUNDLE_IDENTIFIER = "com.densitech.base-clean-architecture";
				PRODUCT_NAME = "$(TARGET_NAME)";
				SWIFT_EMIT_LOC_STRINGS = YES;
				SWIFT_VERSION = 5.0;
				TARGETED_DEVICE_FAMILY = "1,2";
			};
			name = Debug;
		};
		617E48C12D9102AB003F09F7 /* Release */ = {
			isa = XCBuildConfiguration;
			buildSettings = {
				ASSETCATALOG_COMPILER_APPICON_NAME = AppIcon;
				ASSETCATALOG_COMPILER_GLOBAL_ACCENT_COLOR_NAME = AccentColor;
				CODE_SIGN_STYLE = Automatic;
				CURRENT_PROJECT_VERSION = 1;
				DEVELOPMENT_ASSET_PATHS = "\"base_clean_architecture/Source/Presentation/Preview Content\"";
				ENABLE_PREVIEWS = YES;
				GENERATE_INFOPLIST_FILE = YES;
				INFOPLIST_KEY_UIApplicationSceneManifest_Generation = YES;
				INFOPLIST_KEY_UIApplicationSupportsIndirectInputEvents = YES;
				INFOPLIST_KEY_UILaunchScreen_Generation = YES;
				INFOPLIST_KEY_UISupportedInterfaceOrientations_iPad = "UIInterfaceOrientationPortrait UIInterfaceOrientationPortraitUpsideDown UIInterfaceOrientationLandscapeLeft UIInterfaceOrientationLandscapeRight";
				INFOPLIST_KEY_UISupportedInterfaceOrientations_iPhone = "UIInterfaceOrientationPortrait UIInterfaceOrientationLandscapeLeft UIInterfaceOrientationLandscapeRight";
				IPHONEOS_DEPLOYMENT_TARGET = 16.6;
				LD_RUNPATH_SEARCH_PATHS = (
					"$(inherited)",
					"@executable_path/Frameworks",
				);
				MARKETING_VERSION = 1.0;
				PRODUCT_BUNDLE_IDENTIFIER = "com.densitech.base-clean-architecture";
				PRODUCT_NAME = "$(TARGET_NAME)";
				SWIFT_EMIT_LOC_STRINGS = YES;
				SWIFT_VERSION = 5.0;
				TARGETED_DEVICE_FAMILY = "1,2";
			};
			name = Release;
		};
		617E48C32D9102AB003F09F7 /* Debug */ = {
			isa = XCBuildConfiguration;
			buildSettings = {
				BUNDLE_LOADER = "$(TEST_HOST)";
				CODE_SIGN_STYLE = Automatic;
				CURRENT_PROJECT_VERSION = 1;
				GENERATE_INFOPLIST_FILE = YES;
				IPHONEOS_DEPLOYMENT_TARGET = 18.2;
				MARKETING_VERSION = 1.0;
				PRODUCT_BUNDLE_IDENTIFIER = "com.densitech.base-clean-architectureTests";
				PRODUCT_NAME = "$(TARGET_NAME)";
				SWIFT_EMIT_LOC_STRINGS = NO;
				SWIFT_VERSION = 5.0;
				TARGETED_DEVICE_FAMILY = "1,2";
				TEST_HOST = "$(BUILT_PRODUCTS_DIR)/base_clean_architecture.app/$(BUNDLE_EXECUTABLE_FOLDER_PATH)/base_clean_architecture";
			};
			name = Debug;
		};
		617E48C42D9102AB003F09F7 /* Release */ = {
			isa = XCBuildConfiguration;
			buildSettings = {
				BUNDLE_LOADER = "$(TEST_HOST)";
				CODE_SIGN_STYLE = Automatic;
				CURRENT_PROJECT_VERSION = 1;
				GENERATE_INFOPLIST_FILE = YES;
				IPHONEOS_DEPLOYMENT_TARGET = 18.2;
				MARKETING_VERSION = 1.0;
				PRODUCT_BUNDLE_IDENTIFIER = "com.densitech.base-clean-architectureTests";
				PRODUCT_NAME = "$(TARGET_NAME)";
				SWIFT_EMIT_LOC_STRINGS = NO;
				SWIFT_VERSION = 5.0;
				TARGETED_DEVICE_FAMILY = "1,2";
				TEST_HOST = "$(BUILT_PRODUCTS_DIR)/base_clean_architecture.app/$(BUNDLE_EXECUTABLE_FOLDER_PATH)/base_clean_architecture";
			};
			name = Release;
		};
		617E48C62D9102AB003F09F7 /* Debug */ = {
			isa = XCBuildConfiguration;
			buildSettings = {
				CODE_SIGN_STYLE = Automatic;
				CURRENT_PROJECT_VERSION = 1;
				GENERATE_INFOPLIST_FILE = YES;
				MARKETING_VERSION = 1.0;
				PRODUCT_BUNDLE_IDENTIFIER = "com.densitech.base-clean-architectureUITests";
				PRODUCT_NAME = "$(TARGET_NAME)";
				SWIFT_EMIT_LOC_STRINGS = NO;
				SWIFT_VERSION = 5.0;
				TARGETED_DEVICE_FAMILY = "1,2";
				TEST_TARGET_NAME = base_clean_architecture;
			};
			name = Debug;
		};
		617E48C72D9102AB003F09F7 /* Release */ = {
			isa = XCBuildConfiguration;
			buildSettings = {
				CODE_SIGN_STYLE = Automatic;
				CURRENT_PROJECT_VERSION = 1;
				GENERATE_INFOPLIST_FILE = YES;
				MARKETING_VERSION = 1.0;
				PRODUCT_BUNDLE_IDENTIFIER = "com.densitech.base-clean-architectureUITests";
				PRODUCT_NAME = "$(TARGET_NAME)";
				SWIFT_EMIT_LOC_STRINGS = NO;
				SWIFT_VERSION = 5.0;
				TARGETED_DEVICE_FAMILY = "1,2";
				TEST_TARGET_NAME = base_clean_architecture;
			};
			name = Release;
		};
/* End XCBuildConfiguration section */

/* Begin XCConfigurationList section */
		617E48962D9102AA003F09F7 /* Build configuration list for PBXProject "base_clean_architecture" */ = {
			isa = XCConfigurationList;
			buildConfigurations = (
				617E48BD2D9102AB003F09F7 /* Debug */,
				617E48BE2D9102AB003F09F7 /* Release */,
			);
			defaultConfigurationIsVisible = 0;
			defaultConfigurationName = Release;
		};
		617E48BF2D9102AB003F09F7 /* Build configuration list for PBXNativeTarget "base_clean_architecture" */ = {
			isa = XCConfigurationList;
			buildConfigurations = (
				617E48C02D9102AB003F09F7 /* Debug */,
				617E48C12D9102AB003F09F7 /* Release */,
			);
			defaultConfigurationIsVisible = 0;
			defaultConfigurationName = Release;
		};
		617E48C22D9102AB003F09F7 /* Build configuration list for PBXNativeTarget "base_clean_architectureTests" */ = {
			isa = XCConfigurationList;
			buildConfigurations = (
				617E48C32D9102AB003F09F7 /* Debug */,
				617E48C42D9102AB003F09F7 /* Release */,
			);
			defaultConfigurationIsVisible = 0;
			defaultConfigurationName = Release;
		};
		617E48C52D9102AB003F09F7 /* Build configuration list for PBXNativeTarget "base_clean_architectureUITests" */ = {
			isa = XCConfigurationList;
			buildConfigurations = (
				617E48C62D9102AB003F09F7 /* Debug */,
				617E48C72D9102AB003F09F7 /* Release */,
			);
			defaultConfigurationIsVisible = 0;
			defaultConfigurationName = Release;
		};
/* End XCConfigurationList section */

/* Begin XCRemoteSwiftPackageReference section */
		617E48CB2D910E4B003F09F7 /* XCRemoteSwiftPackageReference "Alamofire" */ = {
			isa = XCRemoteSwiftPackageReference;
			repositoryURL = "https://github.com/Alamofire/Alamofire.git";
			requirement = {
				kind = exactVersion;
				version = 5.10.2;
			};
		};
		617E490E2D914B34003F09F7 /* XCRemoteSwiftPackageReference "Factory" */ = {
			isa = XCRemoteSwiftPackageReference;
			repositoryURL = "https://github.com/hmlongco/Factory";
			requirement = {
				kind = exactVersion;
				version = 2.4.3;
			};
		};
/* End XCRemoteSwiftPackageReference section */

/* Begin XCSwiftPackageProductDependency section */
		617E48F32D911643003F09F7 /* Alamofire */ = {
			isa = XCSwiftPackageProductDependency;
			package = 617E48CB2D910E4B003F09F7 /* XCRemoteSwiftPackageReference "Alamofire" */;
			productName = Alamofire;
		};
		617E490F2D914B45003F09F7 /* Factory */ = {
			isa = XCSwiftPackageProductDependency;
			package = 617E490E2D914B34003F09F7 /* XCRemoteSwiftPackageReference "Factory" */;
			productName = Factory;
		};
/* End XCSwiftPackageProductDependency section */
	};
	rootObject = 617E48932D9102AA003F09F7 /* Project object */;
}
